<Solution>
  <Folder Name="/Solution Items/">
    <File Path="CLAUDE.md" />
    <File Path="README.md" />
  </Folder>
  <Folder Name="/src/">
    <Project Path="src/SmartTemplate.Cli/SmartTemplate.Cli.csproj" />
    <Project Path="src/SmartTemplate.Core/SmartTemplate.Core.csproj" />
  </Folder>
  <Folder Name="/tests/">
    <Project Path="tests/SmartTemplate.Tests/SmartTemplate.Tests.csproj" />
  </Folder>
  <Folder Name="/plugins/">
    <Project Path="plugins/SmartTemplate.Plugin.Sample/SmartTemplate.Plugin.Sample.csproj" />
    <Project Path="plugins/SmartTemplate.Plugin.MoneyErp/SmartTemplate.Plugin.MoneyErp.csproj" />
    <Project Path="plugins/SmartTemplate.Plugin.SqlFile/SmartTemplate.Plugin.SqlFile.csproj" />
  </Folder>
</Solution>
